dependencies:
- name: prometheus
  repository: https://prometheus-community.github.io/helm-charts
  version: 25.8.0
- name: grafana
  repository: https://grafana.github.io/helm-charts
  version: 7.0.19
digest: sha256:d9df534b0c3cdacb3c81d037c7aa61cd66c8a4029869141d468a57398352d2eb
generated: "2025-02-24T18:16:25.526797886+05:30"
