dependencies:
- name: kube-prometheus-stack
  repository: https://prometheus-community.github.io/helm-charts
  version: 58.0.1
- name: loki-stack
  repository: https://grafana.github.io/helm-charts
  version: 2.9.10
digest: sha256:144fb56bcb5a273b0ed80491093d144e440d170b842f4b0de83c8dd0c2764a22
generated: "2025-03-05T21:42:15.068150689+05:30"
